
Microsoft Visual Studio Solution File, Format Version 12.00
# Visual Studio Version 16
VisualStudioVersion = 16.0.31702.278
MinimumVisualStudioVersion = 10.0.40219.1
Project("{FAE04EC0-301F-11D3-BF4B-00C04F79EFBC}") = "CallingConstructors", "CallingConstructors.csproj", "{A8210661-BB37-4E37-8523-9AF8738E01AA}"
EndProject
Global
	GlobalSection(SolutionConfigurationPlatforms) = preSolution
		Debug|Any CPU = Debug|Any CPU
		Release|Any CPU = Release|Any CPU
	EndGlobalSection
	GlobalSection(ProjectConfigurationPlatforms) = postSolution
		{A8210661-BB37-4E37-8523-9AF8738E01AA}.Debug|Any CPU.ActiveCfg = Debug|Any CPU
		{A8210661-BB37-4E37-8523-9AF8738E01AA}.Debug|Any CPU.Build.0 = Debug|Any CPU
		{A8210661-BB37-4E37-8523-9AF8738E01AA}.Release|Any CPU.ActiveCfg = Release|Any CPU
		{A8210661-BB37-4E37-8523-9AF8738E01AA}.Release|Any CPU.Build.0 = Release|Any CPU
	EndGlobalSection
	GlobalSection(SolutionProperties) = preSolution
		HideSolutionNode = FALSE
	EndGlobalSection
	GlobalSection(ExtensibilityGlobals) = postSolution
		SolutionGuid = {7D03FCDC-94B8-475E-8904-DD2D15955FC7}
	EndGlobalSection
EndGlobal
