
Microsoft Visual Studio Solution File, Format Version 12.00
# Visual Studio Version 16
VisualStudioVersion = 16.0.31702.278
MinimumVisualStudioVersion = 10.0.40219.1
Project("{FAE04EC0-301F-11D3-BF4B-00C04F79EFBC}") = "StudentLists", "StudentLists\StudentLists.csproj", "{95CEC425-C328-4AB9-888F-A77C892D52A4}"
EndProject
Global
	GlobalSection(SolutionConfigurationPlatforms) = preSolution
		Debug|Any CPU = Debug|Any CPU
		Release|Any CPU = Release|Any CPU
	EndGlobalSection
	GlobalSection(ProjectConfigurationPlatforms) = postSolution
		{95CEC425-C328-4AB9-888F-A77C892D52A4}.Debug|Any CPU.ActiveCfg = Debug|Any CPU
		{95CEC425-C328-4AB9-888F-A77C892D52A4}.Debug|Any CPU.Build.0 = Debug|Any CPU
		{95CEC425-C328-4AB9-888F-A77C892D52A4}.Release|Any CPU.ActiveCfg = Release|Any CPU
		{95CEC425-C328-4AB9-888F-A77C892D52A4}.Release|Any CPU.Build.0 = Release|Any CPU
	EndGlobalSection
	GlobalSection(SolutionProperties) = preSolution
		HideSolutionNode = FALSE
	EndGlobalSection
	GlobalSection(ExtensibilityGlobals) = postSolution
		SolutionGuid = {DA136757-1AC7-4F51-9A1B-5DF55AEE3D1D}
	EndGlobalSection
EndGlobal
