
Microsoft Visual Studio Solution File, Format Version 12.00
# Visual Studio Version 16
VisualStudioVersion = 16.0.31702.278
MinimumVisualStudioVersion = 10.0.40219.1
Project("{FAE04EC0-301F-11D3-BF4B-00C04F79EFBC}") = "TestingDebugger", "TestingDebugger\TestingDebugger.csproj", "{9405DC8A-723B-4604-934F-E4C9DDC8C29C}"
EndProject
Global
	GlobalSection(SolutionConfigurationPlatforms) = preSolution
		Debug|Any CPU = Debug|Any CPU
		Release|Any CPU = Release|Any CPU
	EndGlobalSection
	GlobalSection(ProjectConfigurationPlatforms) = postSolution
		{9405DC8A-723B-4604-934F-E4C9DDC8C29C}.Debug|Any CPU.ActiveCfg = Debug|Any CPU
		{9405DC8A-723B-4604-934F-E4C9DDC8C29C}.Debug|Any CPU.Build.0 = Debug|Any CPU
		{9405DC8A-723B-4604-934F-E4C9DDC8C29C}.Release|Any CPU.ActiveCfg = Release|Any CPU
		{9405DC8A-723B-4604-934F-E4C9DDC8C29C}.Release|Any CPU.Build.0 = Release|Any CPU
	EndGlobalSection
	GlobalSection(SolutionProperties) = preSolution
		HideSolutionNode = FALSE
	EndGlobalSection
	GlobalSection(ExtensibilityGlobals) = postSolution
		SolutionGuid = {11E14F4E-A853-4888-A3B8-32C41C21D214}
	EndGlobalSection
EndGlobal
