
Microsoft Visual Studio Solution File, Format Version 12.00
# Visual Studio Version 16
VisualStudioVersion = 16.0.31702.278
MinimumVisualStudioVersion = 10.0.40219.1
Project("{FAE04EC0-301F-11D3-BF4B-00C04F79EFBC}") = "WorkingWithClasses", "WorkingWithClasses\WorkingWithClasses.csproj", "{D5318DF2-34B8-48EE-9BC8-D861E6052A4E}"
EndProject
Global
	GlobalSection(SolutionConfigurationPlatforms) = preSolution
		Debug|Any CPU = Debug|Any CPU
		Release|Any CPU = Release|Any CPU
	EndGlobalSection
	GlobalSection(ProjectConfigurationPlatforms) = postSolution
		{D5318DF2-34B8-48EE-9BC8-D861E6052A4E}.Debug|Any CPU.ActiveCfg = Debug|Any CPU
		{D5318DF2-34B8-48EE-9BC8-D861E6052A4E}.Debug|Any CPU.Build.0 = Debug|Any CPU
		{D5318DF2-34B8-48EE-9BC8-D861E6052A4E}.Release|Any CPU.ActiveCfg = Release|Any CPU
		{D5318DF2-34B8-48EE-9BC8-D861E6052A4E}.Release|Any CPU.Build.0 = Release|Any CPU
	EndGlobalSection
	GlobalSection(SolutionProperties) = preSolution
		HideSolutionNode = FALSE
	EndGlobalSection
	GlobalSection(ExtensibilityGlobals) = postSolution
		SolutionGuid = {B8FB23E5-C029-4A4F-898D-FD9ADBA2EBA3}
	EndGlobalSection
EndGlobal
