
Microsoft Visual Studio Solution File, Format Version 12.00
# Visual Studio Version 16
VisualStudioVersion = 16.0.31702.278
MinimumVisualStudioVersion = 10.0.40219.1
Project("{FAE04EC0-301F-11D3-BF4B-00C04F79EFBC}") = "HouseHunter", "HouseHunter\HouseHunter.csproj", "{726A24D9-2B37-4772-9AF9-54CDD6031329}"
EndProject
Global
	GlobalSection(SolutionConfigurationPlatforms) = preSolution
		Debug|Any CPU = Debug|Any CPU
		Release|Any CPU = Release|Any CPU
	EndGlobalSection
	GlobalSection(ProjectConfigurationPlatforms) = postSolution
		{726A24D9-2B37-4772-9AF9-54CDD6031329}.Debug|Any CPU.ActiveCfg = Debug|Any CPU
		{726A24D9-2B37-4772-9AF9-54CDD6031329}.Debug|Any CPU.Build.0 = Debug|Any CPU
		{726A24D9-2B37-4772-9AF9-54CDD6031329}.Release|Any CPU.ActiveCfg = Release|Any CPU
		{726A24D9-2B37-4772-9AF9-54CDD6031329}.Release|Any CPU.Build.0 = Release|Any CPU
	EndGlobalSection
	GlobalSection(SolutionProperties) = preSolution
		HideSolutionNode = FALSE
	EndGlobalSection
	GlobalSection(ExtensibilityGlobals) = postSolution
		SolutionGuid = {491FB223-28B1-48C6-84F0-8A8367F5F819}
	EndGlobalSection
EndGlobal
