
Microsoft Visual Studio Solution File, Format Version 12.00
# Visual Studio Version 16
VisualStudioVersion = 16.0.31702.278
MinimumVisualStudioVersion = 10.0.40219.1
Project("{FAE04EC0-301F-11D3-BF4B-00C04F79EFBC}") = "Activity 4", "Activity 4.csproj", "{2726C7D8-ED86-40F5-A5B5-D1235409610C}"
EndProject
Global
	GlobalSection(SolutionConfigurationPlatforms) = preSolution
		Debug|Any CPU = Debug|Any CPU
		Release|Any CPU = Release|Any CPU
	EndGlobalSection
	GlobalSection(ProjectConfigurationPlatforms) = postSolution
		{2726C7D8-ED86-40F5-A5B5-D1235409610C}.Debug|Any CPU.ActiveCfg = Debug|Any CPU
		{2726C7D8-ED86-40F5-A5B5-D1235409610C}.Debug|Any CPU.Build.0 = Debug|Any CPU
		{2726C7D8-ED86-40F5-A5B5-D1235409610C}.Release|Any CPU.ActiveCfg = Release|Any CPU
		{2726C7D8-ED86-40F5-A5B5-D1235409610C}.Release|Any CPU.Build.0 = Release|Any CPU
	EndGlobalSection
	GlobalSection(SolutionProperties) = preSolution
		HideSolutionNode = FALSE
	EndGlobalSection
	GlobalSection(ExtensibilityGlobals) = postSolution
		SolutionGuid = {1C6482C8-0603-4A64-8041-BD4DF877AC35}
	EndGlobalSection
EndGlobal
